
Microsoft Visual Studio Solution File, Format Version 12.00
# Visual Studio 15
Project("{FAE04EC0-301F-11D3-BF4B-00C04F79EFBC}") = "Assembly-CSharp", "Assembly-CSharp.csproj", "{E10FBAD2-668D-8345-6E5E-3A59B9E4B19D}"
EndProject
Project("{FAE04EC0-301F-11D3-BF4B-00C04F79EFBC}") = "PhotonUnityNetworking.Demos", "PhotonUnityNetworking.Demos.csproj", "{A515BA19-2995-B875-B219-D4EF3DDADBD9}"
EndProject
Project("{FAE04EC0-301F-11D3-BF4B-00C04F79EFBC}") = "PhotonUnityNetworking.Utilities", "PhotonUnityNetworking.Utilities.csproj", "{212E256C-E7EE-3E6A-AB2C-EB48DCD76C83}"
EndProject
Project("{FAE04EC0-301F-11D3-BF4B-00C04F79EFBC}") = "PhotonChat", "PhotonChat.csproj", "{45E7DFCC-ABE0-8524-FA45-DE309B5B4B4D}"
EndProject
Project("{FAE04EC0-301F-11D3-BF4B-00C04F79EFBC}") = "PhotonUnityNetworking", "PhotonUnityNetworking.csproj", "{EE0907EE-35DB-7C2F-D7BA-997C4616C8BE}"
EndProject
Project("{FAE04EC0-301F-11D3-BF4B-00C04F79EFBC}") = "PhotonRealtime", "PhotonRealtime.csproj", "{3723D4E0-8256-0CCE-DC04-44000E1ED39C}"
EndProject
Project("{FAE04EC0-301F-11D3-BF4B-00C04F79EFBC}") = "PhotonWebSocket", "PhotonWebSocket.csproj", "{3F6CC597-53C5-BCAD-003A-503149690AA8}"
EndProject
Project("{FAE04EC0-301F-11D3-BF4B-00C04F79EFBC}") = "PhotonUnityNetworking.Editor", "PhotonUnityNetworking.Editor.csproj", "{508B5D46-1C24-02CE-57F4-2BC17BD9E0BF}"
EndProject
Project("{FAE04EC0-301F-11D3-BF4B-00C04F79EFBC}") = "PunDemos.DemoHubEditor", "PunDemos.DemoHubEditor.csproj", "{FEEC359F-78B5-CD33-4FE4-307818E879A3}"
EndProject
Project("{FAE04EC0-301F-11D3-BF4B-00C04F79EFBC}") = "PhotonUnityNetworking.Utilities.PhotonPlayer.Editor", "PhotonUnityNetworking.Utilities.PhotonPlayer.Editor.csproj", "{41FF21BA-0334-7509-C82F-79C8A25B637E}"
EndProject
Project("{FAE04EC0-301F-11D3-BF4B-00C04F79EFBC}") = "PhotonUnityNetworking.Utilities.Culling.Editor", "PhotonUnityNetworking.Utilities.Culling.Editor.csproj", "{46BAF83A-F529-83A2-A5DC-66C6E2876E51}"
EndProject
Project("{FAE04EC0-301F-11D3-BF4B-00C04F79EFBC}") = "PunDemos.DemoSlotcarEditor", "PunDemos.DemoSlotcarEditor.csproj", "{8438B6B2-1BD5-2744-71FF-E635A08CDA94}"
EndProject
Global
	GlobalSection(SolutionConfigurationPlatforms) = preSolution
		Debug|Any CPU = Debug|Any CPU
		Release|Any CPU = Release|Any CPU
	EndGlobalSection
	GlobalSection(ProjectConfigurationPlatforms) = postSolution
		{E10FBAD2-668D-8345-6E5E-3A59B9E4B19D}.Debug|Any CPU.ActiveCfg = Debug|Any CPU
		{E10FBAD2-668D-8345-6E5E-3A59B9E4B19D}.Debug|Any CPU.Build.0 = Debug|Any CPU
		{E10FBAD2-668D-8345-6E5E-3A59B9E4B19D}.Release|Any CPU.ActiveCfg = Release|Any CPU
		{E10FBAD2-668D-8345-6E5E-3A59B9E4B19D}.Release|Any CPU.Build.0 = Release|Any CPU
		{A515BA19-2995-B875-B219-D4EF3DDADBD9}.Debug|Any CPU.ActiveCfg = Debug|Any CPU
		{A515BA19-2995-B875-B219-D4EF3DDADBD9}.Debug|Any CPU.Build.0 = Debug|Any CPU
		{A515BA19-2995-B875-B219-D4EF3DDADBD9}.Release|Any CPU.ActiveCfg = Release|Any CPU
		{A515BA19-2995-B875-B219-D4EF3DDADBD9}.Release|Any CPU.Build.0 = Release|Any CPU
		{212E256C-E7EE-3E6A-AB2C-EB48DCD76C83}.Debug|Any CPU.ActiveCfg = Debug|Any CPU
		{212E256C-E7EE-3E6A-AB2C-EB48DCD76C83}.Debug|Any CPU.Build.0 = Debug|Any CPU
		{212E256C-E7EE-3E6A-AB2C-EB48DCD76C83}.Release|Any CPU.ActiveCfg = Release|Any CPU
		{212E256C-E7EE-3E6A-AB2C-EB48DCD76C83}.Release|Any CPU.Build.0 = Release|Any CPU
		{45E7DFCC-ABE0-8524-FA45-DE309B5B4B4D}.Debug|Any CPU.ActiveCfg = Debug|Any CPU
		{45E7DFCC-ABE0-8524-FA45-DE309B5B4B4D}.Debug|Any CPU.Build.0 = Debug|Any CPU
		{45E7DFCC-ABE0-8524-FA45-DE309B5B4B4D}.Release|Any CPU.ActiveCfg = Release|Any CPU
		{45E7DFCC-ABE0-8524-FA45-DE309B5B4B4D}.Release|Any CPU.Build.0 = Release|Any CPU
		{EE0907EE-35DB-7C2F-D7BA-997C4616C8BE}.Debug|Any CPU.ActiveCfg = Debug|Any CPU
		{EE0907EE-35DB-7C2F-D7BA-997C4616C8BE}.Debug|Any CPU.Build.0 = Debug|Any CPU
		{EE0907EE-35DB-7C2F-D7BA-997C4616C8BE}.Release|Any CPU.ActiveCfg = Release|Any CPU
		{EE0907EE-35DB-7C2F-D7BA-997C4616C8BE}.Release|Any CPU.Build.0 = Release|Any CPU
		{3723D4E0-8256-0CCE-DC04-44000E1ED39C}.Debug|Any CPU.ActiveCfg = Debug|Any CPU
		{3723D4E0-8256-0CCE-DC04-44000E1ED39C}.Debug|Any CPU.Build.0 = Debug|Any CPU
		{3723D4E0-8256-0CCE-DC04-44000E1ED39C}.Release|Any CPU.ActiveCfg = Release|Any CPU
		{3723D4E0-8256-0CCE-DC04-44000E1ED39C}.Release|Any CPU.Build.0 = Release|Any CPU
		{3F6CC597-53C5-BCAD-003A-503149690AA8}.Debug|Any CPU.ActiveCfg = Debug|Any CPU
		{3F6CC597-53C5-BCAD-003A-503149690AA8}.Debug|Any CPU.Build.0 = Debug|Any CPU
		{3F6CC597-53C5-BCAD-003A-503149690AA8}.Release|Any CPU.ActiveCfg = Release|Any CPU
		{3F6CC597-53C5-BCAD-003A-503149690AA8}.Release|Any CPU.Build.0 = Release|Any CPU
		{508B5D46-1C24-02CE-57F4-2BC17BD9E0BF}.Debug|Any CPU.ActiveCfg = Debug|Any CPU
		{508B5D46-1C24-02CE-57F4-2BC17BD9E0BF}.Debug|Any CPU.Build.0 = Debug|Any CPU
		{508B5D46-1C24-02CE-57F4-2BC17BD9E0BF}.Release|Any CPU.ActiveCfg = Release|Any CPU
		{508B5D46-1C24-02CE-57F4-2BC17BD9E0BF}.Release|Any CPU.Build.0 = Release|Any CPU
		{FEEC359F-78B5-CD33-4FE4-307818E879A3}.Debug|Any CPU.ActiveCfg = Debug|Any CPU
		{FEEC359F-78B5-CD33-4FE4-307818E879A3}.Debug|Any CPU.Build.0 = Debug|Any CPU
		{FEEC359F-78B5-CD33-4FE4-307818E879A3}.Release|Any CPU.ActiveCfg = Release|Any CPU
		{FEEC359F-78B5-CD33-4FE4-307818E879A3}.Release|Any CPU.Build.0 = Release|Any CPU
		{41FF21BA-0334-7509-C82F-79C8A25B637E}.Debug|Any CPU.ActiveCfg = Debug|Any CPU
		{41FF21BA-0334-7509-C82F-79C8A25B637E}.Debug|Any CPU.Build.0 = Debug|Any CPU
		{41FF21BA-0334-7509-C82F-79C8A25B637E}.Release|Any CPU.ActiveCfg = Release|Any CPU
		{41FF21BA-0334-7509-C82F-79C8A25B637E}.Release|Any CPU.Build.0 = Release|Any CPU
		{46BAF83A-F529-83A2-A5DC-66C6E2876E51}.Debug|Any CPU.ActiveCfg = Debug|Any CPU
		{46BAF83A-F529-83A2-A5DC-66C6E2876E51}.Debug|Any CPU.Build.0 = Debug|Any CPU
		{46BAF83A-F529-83A2-A5DC-66C6E2876E51}.Release|Any CPU.ActiveCfg = Release|Any CPU
		{46BAF83A-F529-83A2-A5DC-66C6E2876E51}.Release|Any CPU.Build.0 = Release|Any CPU
		{8438B6B2-1BD5-2744-71FF-E635A08CDA94}.Debug|Any CPU.ActiveCfg = Debug|Any CPU
		{8438B6B2-1BD5-2744-71FF-E635A08CDA94}.Debug|Any CPU.Build.0 = Debug|Any CPU
		{8438B6B2-1BD5-2744-71FF-E635A08CDA94}.Release|Any CPU.ActiveCfg = Release|Any CPU
		{8438B6B2-1BD5-2744-71FF-E635A08CDA94}.Release|Any CPU.Build.0 = Release|Any CPU
	EndGlobalSection
	GlobalSection(SolutionProperties) = preSolution
		HideSolutionNode = FALSE
	EndGlobalSection
EndGlobal
