
Microsoft Visual Studio Solution File, Format Version 12.00
# Visual Studio 16
Project("{FAE04EC0-301F-11D3-BF4B-00C04F79EFBC}") = "Assembly-CSharp", "Assembly-CSharp.csproj", "{19BA81E0-E6FB-2C6D-3349-9F9FD7F5AD54}"
EndProject
Project("{FAE04EC0-301F-11D3-BF4B-00C04F79EFBC}") = "PhotonUnityNetworking.Demos", "PhotonUnityNetworking.Demos.csproj", "{6BEDEC35-A72F-9905-2578-C9897EA4A618}"
EndProject
Project("{FAE04EC0-301F-11D3-BF4B-00C04F79EFBC}") = "PhotonUnityNetworking.Utilities", "PhotonUnityNetworking.Utilities.csproj", "{CAC4C0B6-368B-532A-B900-8165843B71AA}"
EndProject
Project("{FAE04EC0-301F-11D3-BF4B-00C04F79EFBC}") = "PhotonChat", "PhotonChat.csproj", "{D6271B88-E9BD-D6B6-2FAB-B3F98923BF83}"
EndProject
Project("{FAE04EC0-301F-11D3-BF4B-00C04F79EFBC}") = "PhotonUnityNetworking", "PhotonUnityNetworking.csproj", "{16E42399-8088-5E7E-7151-72E2CD4E83F1}"
EndProject
Project("{FAE04EC0-301F-11D3-BF4B-00C04F79EFBC}") = "PhotonRealtime", "PhotonRealtime.csproj", "{95A00690-45A3-D5B7-764C-117481B1E0AD}"
EndProject
Project("{FAE04EC0-301F-11D3-BF4B-00C04F79EFBC}") = "PhotonWebSocket", "PhotonWebSocket.csproj", "{CD378D2C-FC67-29F2-3870-81299C12AB23}"
EndProject
Project("{FAE04EC0-301F-11D3-BF4B-00C04F79EFBC}") = "PhotonUnityNetworking.Editor", "PhotonUnityNetworking.Editor.csproj", "{025732FA-4215-E1D5-0DAA-4B4D0FBD5074}"
EndProject
Project("{FAE04EC0-301F-11D3-BF4B-00C04F79EFBC}") = "PunDemos.DemoHubEditor", "PunDemos.DemoHubEditor.csproj", "{6ABB3763-FC7B-DB4E-D0C7-7A78F17F5C37}"
EndProject
Project("{FAE04EC0-301F-11D3-BF4B-00C04F79EFBC}") = "PhotonUnityNetworking.Utilities.PhotonPlayer.Editor", "PhotonUnityNetworking.Utilities.PhotonPlayer.Editor.csproj", "{89F98F6F-272C-5AA2-6483-5A5A6CB907D6}"
EndProject
Project("{FAE04EC0-301F-11D3-BF4B-00C04F79EFBC}") = "PhotonUnityNetworking.Utilities.Culling.Editor", "PhotonUnityNetworking.Utilities.Culling.Editor.csproj", "{7FDB8462-C7EA-DF50-B0C0-CB9C1C424DF3}"
EndProject
Project("{FAE04EC0-301F-11D3-BF4B-00C04F79EFBC}") = "PunDemos.DemoSlotcarEditor", "PunDemos.DemoSlotcarEditor.csproj", "{22BD4F62-79BB-91E5-2C0A-96D820CB8101}"
EndProject
Global
	GlobalSection(SolutionConfigurationPlatforms) = preSolution
		Debug|Any CPU = Debug|Any CPU
		Release|Any CPU = Release|Any CPU
	EndGlobalSection
	GlobalSection(ProjectConfigurationPlatforms) = postSolution
		{19BA81E0-E6FB-2C6D-3349-9F9FD7F5AD54}.Debug|Any CPU.ActiveCfg = Debug|Any CPU
		{19BA81E0-E6FB-2C6D-3349-9F9FD7F5AD54}.Debug|Any CPU.Build.0 = Debug|Any CPU
		{19BA81E0-E6FB-2C6D-3349-9F9FD7F5AD54}.Release|Any CPU.ActiveCfg = Release|Any CPU
		{19BA81E0-E6FB-2C6D-3349-9F9FD7F5AD54}.Release|Any CPU.Build.0 = Release|Any CPU
		{6BEDEC35-A72F-9905-2578-C9897EA4A618}.Debug|Any CPU.ActiveCfg = Debug|Any CPU
		{6BEDEC35-A72F-9905-2578-C9897EA4A618}.Debug|Any CPU.Build.0 = Debug|Any CPU
		{6BEDEC35-A72F-9905-2578-C9897EA4A618}.Release|Any CPU.ActiveCfg = Release|Any CPU
		{6BEDEC35-A72F-9905-2578-C9897EA4A618}.Release|Any CPU.Build.0 = Release|Any CPU
		{CAC4C0B6-368B-532A-B900-8165843B71AA}.Debug|Any CPU.ActiveCfg = Debug|Any CPU
		{CAC4C0B6-368B-532A-B900-8165843B71AA}.Debug|Any CPU.Build.0 = Debug|Any CPU
		{CAC4C0B6-368B-532A-B900-8165843B71AA}.Release|Any CPU.ActiveCfg = Release|Any CPU
		{CAC4C0B6-368B-532A-B900-8165843B71AA}.Release|Any CPU.Build.0 = Release|Any CPU
		{D6271B88-E9BD-D6B6-2FAB-B3F98923BF83}.Debug|Any CPU.ActiveCfg = Debug|Any CPU
		{D6271B88-E9BD-D6B6-2FAB-B3F98923BF83}.Debug|Any CPU.Build.0 = Debug|Any CPU
		{D6271B88-E9BD-D6B6-2FAB-B3F98923BF83}.Release|Any CPU.ActiveCfg = Release|Any CPU
		{D6271B88-E9BD-D6B6-2FAB-B3F98923BF83}.Release|Any CPU.Build.0 = Release|Any CPU
		{16E42399-8088-5E7E-7151-72E2CD4E83F1}.Debug|Any CPU.ActiveCfg = Debug|Any CPU
		{16E42399-8088-5E7E-7151-72E2CD4E83F1}.Debug|Any CPU.Build.0 = Debug|Any CPU
		{16E42399-8088-5E7E-7151-72E2CD4E83F1}.Release|Any CPU.ActiveCfg = Release|Any CPU
		{16E42399-8088-5E7E-7151-72E2CD4E83F1}.Release|Any CPU.Build.0 = Release|Any CPU
		{95A00690-45A3-D5B7-764C-117481B1E0AD}.Debug|Any CPU.ActiveCfg = Debug|Any CPU
		{95A00690-45A3-D5B7-764C-117481B1E0AD}.Debug|Any CPU.Build.0 = Debug|Any CPU
		{95A00690-45A3-D5B7-764C-117481B1E0AD}.Release|Any CPU.ActiveCfg = Release|Any CPU
		{95A00690-45A3-D5B7-764C-117481B1E0AD}.Release|Any CPU.Build.0 = Release|Any CPU
		{CD378D2C-FC67-29F2-3870-81299C12AB23}.Debug|Any CPU.ActiveCfg = Debug|Any CPU
		{CD378D2C-FC67-29F2-3870-81299C12AB23}.Debug|Any CPU.Build.0 = Debug|Any CPU
		{CD378D2C-FC67-29F2-3870-81299C12AB23}.Release|Any CPU.ActiveCfg = Release|Any CPU
		{CD378D2C-FC67-29F2-3870-81299C12AB23}.Release|Any CPU.Build.0 = Release|Any CPU
		{025732FA-4215-E1D5-0DAA-4B4D0FBD5074}.Debug|Any CPU.ActiveCfg = Debug|Any CPU
		{025732FA-4215-E1D5-0DAA-4B4D0FBD5074}.Debug|Any CPU.Build.0 = Debug|Any CPU
		{025732FA-4215-E1D5-0DAA-4B4D0FBD5074}.Release|Any CPU.ActiveCfg = Release|Any CPU
		{025732FA-4215-E1D5-0DAA-4B4D0FBD5074}.Release|Any CPU.Build.0 = Release|Any CPU
		{6ABB3763-FC7B-DB4E-D0C7-7A78F17F5C37}.Debug|Any CPU.ActiveCfg = Debug|Any CPU
		{6ABB3763-FC7B-DB4E-D0C7-7A78F17F5C37}.Debug|Any CPU.Build.0 = Debug|Any CPU
		{6ABB3763-FC7B-DB4E-D0C7-7A78F17F5C37}.Release|Any CPU.ActiveCfg = Release|Any CPU
		{6ABB3763-FC7B-DB4E-D0C7-7A78F17F5C37}.Release|Any CPU.Build.0 = Release|Any CPU
		{89F98F6F-272C-5AA2-6483-5A5A6CB907D6}.Debug|Any CPU.ActiveCfg = Debug|Any CPU
		{89F98F6F-272C-5AA2-6483-5A5A6CB907D6}.Debug|Any CPU.Build.0 = Debug|Any CPU
		{89F98F6F-272C-5AA2-6483-5A5A6CB907D6}.Release|Any CPU.ActiveCfg = Release|Any CPU
		{89F98F6F-272C-5AA2-6483-5A5A6CB907D6}.Release|Any CPU.Build.0 = Release|Any CPU
		{7FDB8462-C7EA-DF50-B0C0-CB9C1C424DF3}.Debug|Any CPU.ActiveCfg = Debug|Any CPU
		{7FDB8462-C7EA-DF50-B0C0-CB9C1C424DF3}.Debug|Any CPU.Build.0 = Debug|Any CPU
		{7FDB8462-C7EA-DF50-B0C0-CB9C1C424DF3}.Release|Any CPU.ActiveCfg = Release|Any CPU
		{7FDB8462-C7EA-DF50-B0C0-CB9C1C424DF3}.Release|Any CPU.Build.0 = Release|Any CPU
		{22BD4F62-79BB-91E5-2C0A-96D820CB8101}.Debug|Any CPU.ActiveCfg = Debug|Any CPU
		{22BD4F62-79BB-91E5-2C0A-96D820CB8101}.Debug|Any CPU.Build.0 = Debug|Any CPU
		{22BD4F62-79BB-91E5-2C0A-96D820CB8101}.Release|Any CPU.ActiveCfg = Release|Any CPU
		{22BD4F62-79BB-91E5-2C0A-96D820CB8101}.Release|Any CPU.Build.0 = Release|Any CPU
	EndGlobalSection
	GlobalSection(SolutionProperties) = preSolution
		HideSolutionNode = FALSE
	EndGlobalSection
EndGlobal
