
Microsoft Visual Studio Solution File, Format Version 12.00
# Visual Studio 15
Project("{FAE04EC0-301F-11D3-BF4B-00C04F79EFBC}") = "Assembly-CSharp", "Assembly-CSharp.csproj", "{0771E1AC-12FC-D71B-0DB1-5F5A4438898E}"
EndProject
Project("{FAE04EC0-301F-11D3-BF4B-00C04F79EFBC}") = "PhotonUnityNetworking.Demos", "PhotonUnityNetworking.Demos.csproj", "{C8D17E6E-E3A1-0534-14A6-30C25057CF67}"
EndProject
Project("{FAE04EC0-301F-11D3-BF4B-00C04F79EFBC}") = "PhotonUnityNetworking.Utilities", "PhotonUnityNetworking.Utilities.csproj", "{0B36FA90-FDBD-6B18-9941-1D4615F343CC}"
EndProject
Project("{FAE04EC0-301F-11D3-BF4B-00C04F79EFBC}") = "PhotonChat", "PhotonChat.csproj", "{9C177C75-9F21-F271-C5E9-71290E3A82FB}"
EndProject
Project("{FAE04EC0-301F-11D3-BF4B-00C04F79EFBC}") = "PhotonUnityNetworking", "PhotonUnityNetworking.csproj", "{27CBBFCE-9F4A-36DD-6694-0FAA1AF5832E}"
EndProject
Project("{FAE04EC0-301F-11D3-BF4B-00C04F79EFBC}") = "PhotonRealtime", "PhotonRealtime.csproj", "{E170B38F-F0ED-64FC-DC4B-7D47AFEE85A5}"
EndProject
Project("{FAE04EC0-301F-11D3-BF4B-00C04F79EFBC}") = "PhotonWebSocket", "PhotonWebSocket.csproj", "{E78E82B8-5C5B-96E4-C1F7-0F64F04963D6}"
EndProject
Project("{FAE04EC0-301F-11D3-BF4B-00C04F79EFBC}") = "PhotonUnityNetworking.Editor", "PhotonUnityNetworking.Editor.csproj", "{F5102037-56F5-6119-5A8C-B8E6643C96F3}"
EndProject
Project("{FAE04EC0-301F-11D3-BF4B-00C04F79EFBC}") = "PunDemos.DemoHubEditor", "PunDemos.DemoHubEditor.csproj", "{E0E95933-7285-239C-43F7-4B40545E7998}"
EndProject
Project("{FAE04EC0-301F-11D3-BF4B-00C04F79EFBC}") = "PhotonUnityNetworking.Utilities.PhotonPlayer.Editor", "PhotonUnityNetworking.Utilities.PhotonPlayer.Editor.csproj", "{44AD984F-9C64-1610-885D-1E12B3EFDD1F}"
EndProject
Project("{FAE04EC0-301F-11D3-BF4B-00C04F79EFBC}") = "PhotonUnityNetworking.Utilities.Culling.Editor", "PhotonUnityNetworking.Utilities.Culling.Editor.csproj", "{9B9C1759-5787-8331-7AB3-CD1C88092359}"
EndProject
Project("{FAE04EC0-301F-11D3-BF4B-00C04F79EFBC}") = "PunDemos.DemoSlotcarEditor", "PunDemos.DemoSlotcarEditor.csproj", "{945694B4-0280-AD50-4AA7-C47C286DE2F5}"
EndProject
Global
	GlobalSection(SolutionConfigurationPlatforms) = preSolution
		Debug|Any CPU = Debug|Any CPU
		Release|Any CPU = Release|Any CPU
	EndGlobalSection
	GlobalSection(ProjectConfigurationPlatforms) = postSolution
		{0771E1AC-12FC-D71B-0DB1-5F5A4438898E}.Debug|Any CPU.ActiveCfg = Debug|Any CPU
		{0771E1AC-12FC-D71B-0DB1-5F5A4438898E}.Debug|Any CPU.Build.0 = Debug|Any CPU
		{0771E1AC-12FC-D71B-0DB1-5F5A4438898E}.Release|Any CPU.ActiveCfg = Release|Any CPU
		{0771E1AC-12FC-D71B-0DB1-5F5A4438898E}.Release|Any CPU.Build.0 = Release|Any CPU
		{C8D17E6E-E3A1-0534-14A6-30C25057CF67}.Debug|Any CPU.ActiveCfg = Debug|Any CPU
		{C8D17E6E-E3A1-0534-14A6-30C25057CF67}.Debug|Any CPU.Build.0 = Debug|Any CPU
		{C8D17E6E-E3A1-0534-14A6-30C25057CF67}.Release|Any CPU.ActiveCfg = Release|Any CPU
		{C8D17E6E-E3A1-0534-14A6-30C25057CF67}.Release|Any CPU.Build.0 = Release|Any CPU
		{0B36FA90-FDBD-6B18-9941-1D4615F343CC}.Debug|Any CPU.ActiveCfg = Debug|Any CPU
		{0B36FA90-FDBD-6B18-9941-1D4615F343CC}.Debug|Any CPU.Build.0 = Debug|Any CPU
		{0B36FA90-FDBD-6B18-9941-1D4615F343CC}.Release|Any CPU.ActiveCfg = Release|Any CPU
		{0B36FA90-FDBD-6B18-9941-1D4615F343CC}.Release|Any CPU.Build.0 = Release|Any CPU
		{9C177C75-9F21-F271-C5E9-71290E3A82FB}.Debug|Any CPU.ActiveCfg = Debug|Any CPU
		{9C177C75-9F21-F271-C5E9-71290E3A82FB}.Debug|Any CPU.Build.0 = Debug|Any CPU
		{9C177C75-9F21-F271-C5E9-71290E3A82FB}.Release|Any CPU.ActiveCfg = Release|Any CPU
		{9C177C75-9F21-F271-C5E9-71290E3A82FB}.Release|Any CPU.Build.0 = Release|Any CPU
		{27CBBFCE-9F4A-36DD-6694-0FAA1AF5832E}.Debug|Any CPU.ActiveCfg = Debug|Any CPU
		{27CBBFCE-9F4A-36DD-6694-0FAA1AF5832E}.Debug|Any CPU.Build.0 = Debug|Any CPU
		{27CBBFCE-9F4A-36DD-6694-0FAA1AF5832E}.Release|Any CPU.ActiveCfg = Release|Any CPU
		{27CBBFCE-9F4A-36DD-6694-0FAA1AF5832E}.Release|Any CPU.Build.0 = Release|Any CPU
		{E170B38F-F0ED-64FC-DC4B-7D47AFEE85A5}.Debug|Any CPU.ActiveCfg = Debug|Any CPU
		{E170B38F-F0ED-64FC-DC4B-7D47AFEE85A5}.Debug|Any CPU.Build.0 = Debug|Any CPU
		{E170B38F-F0ED-64FC-DC4B-7D47AFEE85A5}.Release|Any CPU.ActiveCfg = Release|Any CPU
		{E170B38F-F0ED-64FC-DC4B-7D47AFEE85A5}.Release|Any CPU.Build.0 = Release|Any CPU
		{E78E82B8-5C5B-96E4-C1F7-0F64F04963D6}.Debug|Any CPU.ActiveCfg = Debug|Any CPU
		{E78E82B8-5C5B-96E4-C1F7-0F64F04963D6}.Debug|Any CPU.Build.0 = Debug|Any CPU
		{E78E82B8-5C5B-96E4-C1F7-0F64F04963D6}.Release|Any CPU.ActiveCfg = Release|Any CPU
		{E78E82B8-5C5B-96E4-C1F7-0F64F04963D6}.Release|Any CPU.Build.0 = Release|Any CPU
		{F5102037-56F5-6119-5A8C-B8E6643C96F3}.Debug|Any CPU.ActiveCfg = Debug|Any CPU
		{F5102037-56F5-6119-5A8C-B8E6643C96F3}.Debug|Any CPU.Build.0 = Debug|Any CPU
		{F5102037-56F5-6119-5A8C-B8E6643C96F3}.Release|Any CPU.ActiveCfg = Release|Any CPU
		{F5102037-56F5-6119-5A8C-B8E6643C96F3}.Release|Any CPU.Build.0 = Release|Any CPU
		{E0E95933-7285-239C-43F7-4B40545E7998}.Debug|Any CPU.ActiveCfg = Debug|Any CPU
		{E0E95933-7285-239C-43F7-4B40545E7998}.Debug|Any CPU.Build.0 = Debug|Any CPU
		{E0E95933-7285-239C-43F7-4B40545E7998}.Release|Any CPU.ActiveCfg = Release|Any CPU
		{E0E95933-7285-239C-43F7-4B40545E7998}.Release|Any CPU.Build.0 = Release|Any CPU
		{44AD984F-9C64-1610-885D-1E12B3EFDD1F}.Debug|Any CPU.ActiveCfg = Debug|Any CPU
		{44AD984F-9C64-1610-885D-1E12B3EFDD1F}.Debug|Any CPU.Build.0 = Debug|Any CPU
		{44AD984F-9C64-1610-885D-1E12B3EFDD1F}.Release|Any CPU.ActiveCfg = Release|Any CPU
		{44AD984F-9C64-1610-885D-1E12B3EFDD1F}.Release|Any CPU.Build.0 = Release|Any CPU
		{9B9C1759-5787-8331-7AB3-CD1C88092359}.Debug|Any CPU.ActiveCfg = Debug|Any CPU
		{9B9C1759-5787-8331-7AB3-CD1C88092359}.Debug|Any CPU.Build.0 = Debug|Any CPU
		{9B9C1759-5787-8331-7AB3-CD1C88092359}.Release|Any CPU.ActiveCfg = Release|Any CPU
		{9B9C1759-5787-8331-7AB3-CD1C88092359}.Release|Any CPU.Build.0 = Release|Any CPU
		{945694B4-0280-AD50-4AA7-C47C286DE2F5}.Debug|Any CPU.ActiveCfg = Debug|Any CPU
		{945694B4-0280-AD50-4AA7-C47C286DE2F5}.Debug|Any CPU.Build.0 = Debug|Any CPU
		{945694B4-0280-AD50-4AA7-C47C286DE2F5}.Release|Any CPU.ActiveCfg = Release|Any CPU
		{945694B4-0280-AD50-4AA7-C47C286DE2F5}.Release|Any CPU.Build.0 = Release|Any CPU
	EndGlobalSection
	GlobalSection(SolutionProperties) = preSolution
		HideSolutionNode = FALSE
	EndGlobalSection
EndGlobal
