
Microsoft Visual Studio Solution File, Format Version 12.00
# Visual Studio 15
Project("{FAE04EC0-301F-11D3-BF4B-00C04F79EFBC}") = "PhotonUnityNetworking.Demos", "PhotonUnityNetworking.Demos.csproj", "{FC369194-235B-F05D-13E9-4B94B96A4F8F}"
EndProject
Project("{FAE04EC0-301F-11D3-BF4B-00C04F79EFBC}") = "PhotonUnityNetworking.Utilities", "PhotonUnityNetworking.Utilities.csproj", "{AA878F98-D32C-61E7-F029-7A28A027F592}"
EndProject
Project("{FAE04EC0-301F-11D3-BF4B-00C04F79EFBC}") = "PhotonChat", "PhotonChat.csproj", "{1921EF32-3F9F-8B38-3213-CF1423917836}"
EndProject
Project("{FAE04EC0-301F-11D3-BF4B-00C04F79EFBC}") = "Assembly-CSharp", "Assembly-CSharp.csproj", "{EA6A0F0D-910A-C40F-607D-4B9950C2044A}"
EndProject
Project("{FAE04EC0-301F-11D3-BF4B-00C04F79EFBC}") = "PhotonUnityNetworking", "PhotonUnityNetworking.csproj", "{AE6F8CD5-811D-4232-126A-98D05CBE710A}"
EndProject
Project("{FAE04EC0-301F-11D3-BF4B-00C04F79EFBC}") = "PhotonRealtime", "PhotonRealtime.csproj", "{8769AA88-93AD-9A93-291F-80DA3E49C56A}"
EndProject
Project("{FAE04EC0-301F-11D3-BF4B-00C04F79EFBC}") = "PhotonWebSocket", "PhotonWebSocket.csproj", "{84288E0F-E431-09E4-12F9-6BBE4893012F}"
EndProject
Project("{FAE04EC0-301F-11D3-BF4B-00C04F79EFBC}") = "PhotonUnityNetworking.Editor", "PhotonUnityNetworking.Editor.csproj", "{77D37E44-84F2-F540-F2F2-D3BDAF96DBFA}"
EndProject
Project("{FAE04EC0-301F-11D3-BF4B-00C04F79EFBC}") = "PunDemos.DemoHubEditor", "PunDemos.DemoHubEditor.csproj", "{AAF4C281-26D2-B77C-A23D-E2B7699B3F76}"
EndProject
Project("{FAE04EC0-301F-11D3-BF4B-00C04F79EFBC}") = "PhotonUnityNetworking.Utilities.PhotonPlayer.Editor", "PhotonUnityNetworking.Utilities.PhotonPlayer.Editor.csproj", "{8AFA59D7-81FE-1923-BFB0-9473D348CEDA}"
EndProject
Project("{FAE04EC0-301F-11D3-BF4B-00C04F79EFBC}") = "PhotonUnityNetworking.Utilities.Culling.Editor", "PhotonUnityNetworking.Utilities.Culling.Editor.csproj", "{566D7CD1-73B8-74CC-051A-75099F1E68C9}"
EndProject
Project("{FAE04EC0-301F-11D3-BF4B-00C04F79EFBC}") = "PunDemos.DemoSlotcarEditor", "PunDemos.DemoSlotcarEditor.csproj", "{78652716-9BA5-8603-997F-492123E898BC}"
EndProject
Global
	GlobalSection(SolutionConfigurationPlatforms) = preSolution
		Debug|Any CPU = Debug|Any CPU
		Release|Any CPU = Release|Any CPU
	EndGlobalSection
	GlobalSection(ProjectConfigurationPlatforms) = postSolution
		{FC369194-235B-F05D-13E9-4B94B96A4F8F}.Debug|Any CPU.ActiveCfg = Debug|Any CPU
		{FC369194-235B-F05D-13E9-4B94B96A4F8F}.Debug|Any CPU.Build.0 = Debug|Any CPU
		{FC369194-235B-F05D-13E9-4B94B96A4F8F}.Release|Any CPU.ActiveCfg = Release|Any CPU
		{FC369194-235B-F05D-13E9-4B94B96A4F8F}.Release|Any CPU.Build.0 = Release|Any CPU
		{AA878F98-D32C-61E7-F029-7A28A027F592}.Debug|Any CPU.ActiveCfg = Debug|Any CPU
		{AA878F98-D32C-61E7-F029-7A28A027F592}.Debug|Any CPU.Build.0 = Debug|Any CPU
		{AA878F98-D32C-61E7-F029-7A28A027F592}.Release|Any CPU.ActiveCfg = Release|Any CPU
		{AA878F98-D32C-61E7-F029-7A28A027F592}.Release|Any CPU.Build.0 = Release|Any CPU
		{1921EF32-3F9F-8B38-3213-CF1423917836}.Debug|Any CPU.ActiveCfg = Debug|Any CPU
		{1921EF32-3F9F-8B38-3213-CF1423917836}.Debug|Any CPU.Build.0 = Debug|Any CPU
		{1921EF32-3F9F-8B38-3213-CF1423917836}.Release|Any CPU.ActiveCfg = Release|Any CPU
		{1921EF32-3F9F-8B38-3213-CF1423917836}.Release|Any CPU.Build.0 = Release|Any CPU
		{EA6A0F0D-910A-C40F-607D-4B9950C2044A}.Debug|Any CPU.ActiveCfg = Debug|Any CPU
		{EA6A0F0D-910A-C40F-607D-4B9950C2044A}.Debug|Any CPU.Build.0 = Debug|Any CPU
		{EA6A0F0D-910A-C40F-607D-4B9950C2044A}.Release|Any CPU.ActiveCfg = Release|Any CPU
		{EA6A0F0D-910A-C40F-607D-4B9950C2044A}.Release|Any CPU.Build.0 = Release|Any CPU
		{AE6F8CD5-811D-4232-126A-98D05CBE710A}.Debug|Any CPU.ActiveCfg = Debug|Any CPU
		{AE6F8CD5-811D-4232-126A-98D05CBE710A}.Debug|Any CPU.Build.0 = Debug|Any CPU
		{AE6F8CD5-811D-4232-126A-98D05CBE710A}.Release|Any CPU.ActiveCfg = Release|Any CPU
		{AE6F8CD5-811D-4232-126A-98D05CBE710A}.Release|Any CPU.Build.0 = Release|Any CPU
		{8769AA88-93AD-9A93-291F-80DA3E49C56A}.Debug|Any CPU.ActiveCfg = Debug|Any CPU
		{8769AA88-93AD-9A93-291F-80DA3E49C56A}.Debug|Any CPU.Build.0 = Debug|Any CPU
		{8769AA88-93AD-9A93-291F-80DA3E49C56A}.Release|Any CPU.ActiveCfg = Release|Any CPU
		{8769AA88-93AD-9A93-291F-80DA3E49C56A}.Release|Any CPU.Build.0 = Release|Any CPU
		{84288E0F-E431-09E4-12F9-6BBE4893012F}.Debug|Any CPU.ActiveCfg = Debug|Any CPU
		{84288E0F-E431-09E4-12F9-6BBE4893012F}.Debug|Any CPU.Build.0 = Debug|Any CPU
		{84288E0F-E431-09E4-12F9-6BBE4893012F}.Release|Any CPU.ActiveCfg = Release|Any CPU
		{84288E0F-E431-09E4-12F9-6BBE4893012F}.Release|Any CPU.Build.0 = Release|Any CPU
		{77D37E44-84F2-F540-F2F2-D3BDAF96DBFA}.Debug|Any CPU.ActiveCfg = Debug|Any CPU
		{77D37E44-84F2-F540-F2F2-D3BDAF96DBFA}.Debug|Any CPU.Build.0 = Debug|Any CPU
		{77D37E44-84F2-F540-F2F2-D3BDAF96DBFA}.Release|Any CPU.ActiveCfg = Release|Any CPU
		{77D37E44-84F2-F540-F2F2-D3BDAF96DBFA}.Release|Any CPU.Build.0 = Release|Any CPU
		{AAF4C281-26D2-B77C-A23D-E2B7699B3F76}.Debug|Any CPU.ActiveCfg = Debug|Any CPU
		{AAF4C281-26D2-B77C-A23D-E2B7699B3F76}.Debug|Any CPU.Build.0 = Debug|Any CPU
		{AAF4C281-26D2-B77C-A23D-E2B7699B3F76}.Release|Any CPU.ActiveCfg = Release|Any CPU
		{AAF4C281-26D2-B77C-A23D-E2B7699B3F76}.Release|Any CPU.Build.0 = Release|Any CPU
		{8AFA59D7-81FE-1923-BFB0-9473D348CEDA}.Debug|Any CPU.ActiveCfg = Debug|Any CPU
		{8AFA59D7-81FE-1923-BFB0-9473D348CEDA}.Debug|Any CPU.Build.0 = Debug|Any CPU
		{8AFA59D7-81FE-1923-BFB0-9473D348CEDA}.Release|Any CPU.ActiveCfg = Release|Any CPU
		{8AFA59D7-81FE-1923-BFB0-9473D348CEDA}.Release|Any CPU.Build.0 = Release|Any CPU
		{566D7CD1-73B8-74CC-051A-75099F1E68C9}.Debug|Any CPU.ActiveCfg = Debug|Any CPU
		{566D7CD1-73B8-74CC-051A-75099F1E68C9}.Debug|Any CPU.Build.0 = Debug|Any CPU
		{566D7CD1-73B8-74CC-051A-75099F1E68C9}.Release|Any CPU.ActiveCfg = Release|Any CPU
		{566D7CD1-73B8-74CC-051A-75099F1E68C9}.Release|Any CPU.Build.0 = Release|Any CPU
		{78652716-9BA5-8603-997F-492123E898BC}.Debug|Any CPU.ActiveCfg = Debug|Any CPU
		{78652716-9BA5-8603-997F-492123E898BC}.Debug|Any CPU.Build.0 = Debug|Any CPU
		{78652716-9BA5-8603-997F-492123E898BC}.Release|Any CPU.ActiveCfg = Release|Any CPU
		{78652716-9BA5-8603-997F-492123E898BC}.Release|Any CPU.Build.0 = Release|Any CPU
	EndGlobalSection
	GlobalSection(SolutionProperties) = preSolution
		HideSolutionNode = FALSE
	EndGlobalSection
EndGlobal
