
Microsoft Visual Studio Solution File, Format Version 12.00
# Visual Studio 16
Project("{FAE04EC0-301F-11D3-BF4B-00C04F79EFBC}") = "PhotonUnityNetworking.Demos", "PhotonUnityNetworking.Demos.csproj", "{C1128302-5A2E-21AD-591E-C409CE83E061}"
EndProject
Project("{FAE04EC0-301F-11D3-BF4B-00C04F79EFBC}") = "PhotonUnityNetworking.Utilities", "PhotonUnityNetworking.Utilities.csproj", "{F2A0B538-F676-4A86-EEF5-14D41E6F2DDB}"
EndProject
Project("{FAE04EC0-301F-11D3-BF4B-00C04F79EFBC}") = "PhotonChat", "PhotonChat.csproj", "{83BD3D5D-63DA-6784-5D37-B402DB3ACC5F}"
EndProject
Project("{FAE04EC0-301F-11D3-BF4B-00C04F79EFBC}") = "Assembly-CSharp", "Assembly-CSharp.csproj", "{45B6F2F1-D708-0091-9967-5A7783C49702}"
EndProject
Project("{FAE04EC0-301F-11D3-BF4B-00C04F79EFBC}") = "PhotonUnityNetworking", "PhotonUnityNetworking.csproj", "{F401B043-AD0C-C7D8-8900-635AB3E3E149}"
EndProject
Project("{FAE04EC0-301F-11D3-BF4B-00C04F79EFBC}") = "PhotonRealtime", "PhotonRealtime.csproj", "{E1E43DFA-8137-1A13-BCC2-02E37540FDB7}"
EndProject
Project("{FAE04EC0-301F-11D3-BF4B-00C04F79EFBC}") = "PhotonWebSocket", "PhotonWebSocket.csproj", "{86766B95-E576-059A-5A26-406847D9727C}"
EndProject
Project("{FAE04EC0-301F-11D3-BF4B-00C04F79EFBC}") = "PhotonUnityNetworking.Editor", "PhotonUnityNetworking.Editor.csproj", "{0AE126A6-5DA0-5A34-A0C5-4AE1EEA51485}"
EndProject
Project("{FAE04EC0-301F-11D3-BF4B-00C04F79EFBC}") = "PunDemos.DemoHubEditor", "PunDemos.DemoHubEditor.csproj", "{FEE51BA6-5BAD-0CC0-423C-67C4770AD2D8}"
EndProject
Project("{FAE04EC0-301F-11D3-BF4B-00C04F79EFBC}") = "PhotonUnityNetworking.Utilities.PhotonPlayer.Editor", "PhotonUnityNetworking.Utilities.PhotonPlayer.Editor.csproj", "{737F1CED-8C1C-132D-BE68-0FFCE1457079}"
EndProject
Project("{FAE04EC0-301F-11D3-BF4B-00C04F79EFBC}") = "PhotonUnityNetworking.Utilities.Culling.Editor", "PhotonUnityNetworking.Utilities.Culling.Editor.csproj", "{D7BF4C07-55D1-9D11-C8B8-01DC71D58562}"
EndProject
Project("{FAE04EC0-301F-11D3-BF4B-00C04F79EFBC}") = "PunDemos.DemoSlotcarEditor", "PunDemos.DemoSlotcarEditor.csproj", "{6902D316-3AAB-1223-1316-FFCCCD73C441}"
EndProject
Global
	GlobalSection(SolutionConfigurationPlatforms) = preSolution
		Debug|Any CPU = Debug|Any CPU
		Release|Any CPU = Release|Any CPU
	EndGlobalSection
	GlobalSection(ProjectConfigurationPlatforms) = postSolution
		{C1128302-5A2E-21AD-591E-C409CE83E061}.Debug|Any CPU.ActiveCfg = Debug|Any CPU
		{C1128302-5A2E-21AD-591E-C409CE83E061}.Debug|Any CPU.Build.0 = Debug|Any CPU
		{C1128302-5A2E-21AD-591E-C409CE83E061}.Release|Any CPU.ActiveCfg = Release|Any CPU
		{C1128302-5A2E-21AD-591E-C409CE83E061}.Release|Any CPU.Build.0 = Release|Any CPU
		{F2A0B538-F676-4A86-EEF5-14D41E6F2DDB}.Debug|Any CPU.ActiveCfg = Debug|Any CPU
		{F2A0B538-F676-4A86-EEF5-14D41E6F2DDB}.Debug|Any CPU.Build.0 = Debug|Any CPU
		{F2A0B538-F676-4A86-EEF5-14D41E6F2DDB}.Release|Any CPU.ActiveCfg = Release|Any CPU
		{F2A0B538-F676-4A86-EEF5-14D41E6F2DDB}.Release|Any CPU.Build.0 = Release|Any CPU
		{83BD3D5D-63DA-6784-5D37-B402DB3ACC5F}.Debug|Any CPU.ActiveCfg = Debug|Any CPU
		{83BD3D5D-63DA-6784-5D37-B402DB3ACC5F}.Debug|Any CPU.Build.0 = Debug|Any CPU
		{83BD3D5D-63DA-6784-5D37-B402DB3ACC5F}.Release|Any CPU.ActiveCfg = Release|Any CPU
		{83BD3D5D-63DA-6784-5D37-B402DB3ACC5F}.Release|Any CPU.Build.0 = Release|Any CPU
		{45B6F2F1-D708-0091-9967-5A7783C49702}.Debug|Any CPU.ActiveCfg = Debug|Any CPU
		{45B6F2F1-D708-0091-9967-5A7783C49702}.Debug|Any CPU.Build.0 = Debug|Any CPU
		{45B6F2F1-D708-0091-9967-5A7783C49702}.Release|Any CPU.ActiveCfg = Release|Any CPU
		{45B6F2F1-D708-0091-9967-5A7783C49702}.Release|Any CPU.Build.0 = Release|Any CPU
		{F401B043-AD0C-C7D8-8900-635AB3E3E149}.Debug|Any CPU.ActiveCfg = Debug|Any CPU
		{F401B043-AD0C-C7D8-8900-635AB3E3E149}.Debug|Any CPU.Build.0 = Debug|Any CPU
		{F401B043-AD0C-C7D8-8900-635AB3E3E149}.Release|Any CPU.ActiveCfg = Release|Any CPU
		{F401B043-AD0C-C7D8-8900-635AB3E3E149}.Release|Any CPU.Build.0 = Release|Any CPU
		{E1E43DFA-8137-1A13-BCC2-02E37540FDB7}.Debug|Any CPU.ActiveCfg = Debug|Any CPU
		{E1E43DFA-8137-1A13-BCC2-02E37540FDB7}.Debug|Any CPU.Build.0 = Debug|Any CPU
		{E1E43DFA-8137-1A13-BCC2-02E37540FDB7}.Release|Any CPU.ActiveCfg = Release|Any CPU
		{E1E43DFA-8137-1A13-BCC2-02E37540FDB7}.Release|Any CPU.Build.0 = Release|Any CPU
		{86766B95-E576-059A-5A26-406847D9727C}.Debug|Any CPU.ActiveCfg = Debug|Any CPU
		{86766B95-E576-059A-5A26-406847D9727C}.Debug|Any CPU.Build.0 = Debug|Any CPU
		{86766B95-E576-059A-5A26-406847D9727C}.Release|Any CPU.ActiveCfg = Release|Any CPU
		{86766B95-E576-059A-5A26-406847D9727C}.Release|Any CPU.Build.0 = Release|Any CPU
		{0AE126A6-5DA0-5A34-A0C5-4AE1EEA51485}.Debug|Any CPU.ActiveCfg = Debug|Any CPU
		{0AE126A6-5DA0-5A34-A0C5-4AE1EEA51485}.Debug|Any CPU.Build.0 = Debug|Any CPU
		{0AE126A6-5DA0-5A34-A0C5-4AE1EEA51485}.Release|Any CPU.ActiveCfg = Release|Any CPU
		{0AE126A6-5DA0-5A34-A0C5-4AE1EEA51485}.Release|Any CPU.Build.0 = Release|Any CPU
		{FEE51BA6-5BAD-0CC0-423C-67C4770AD2D8}.Debug|Any CPU.ActiveCfg = Debug|Any CPU
		{FEE51BA6-5BAD-0CC0-423C-67C4770AD2D8}.Debug|Any CPU.Build.0 = Debug|Any CPU
		{FEE51BA6-5BAD-0CC0-423C-67C4770AD2D8}.Release|Any CPU.ActiveCfg = Release|Any CPU
		{FEE51BA6-5BAD-0CC0-423C-67C4770AD2D8}.Release|Any CPU.Build.0 = Release|Any CPU
		{737F1CED-8C1C-132D-BE68-0FFCE1457079}.Debug|Any CPU.ActiveCfg = Debug|Any CPU
		{737F1CED-8C1C-132D-BE68-0FFCE1457079}.Debug|Any CPU.Build.0 = Debug|Any CPU
		{737F1CED-8C1C-132D-BE68-0FFCE1457079}.Release|Any CPU.ActiveCfg = Release|Any CPU
		{737F1CED-8C1C-132D-BE68-0FFCE1457079}.Release|Any CPU.Build.0 = Release|Any CPU
		{D7BF4C07-55D1-9D11-C8B8-01DC71D58562}.Debug|Any CPU.ActiveCfg = Debug|Any CPU
		{D7BF4C07-55D1-9D11-C8B8-01DC71D58562}.Debug|Any CPU.Build.0 = Debug|Any CPU
		{D7BF4C07-55D1-9D11-C8B8-01DC71D58562}.Release|Any CPU.ActiveCfg = Release|Any CPU
		{D7BF4C07-55D1-9D11-C8B8-01DC71D58562}.Release|Any CPU.Build.0 = Release|Any CPU
		{6902D316-3AAB-1223-1316-FFCCCD73C441}.Debug|Any CPU.ActiveCfg = Debug|Any CPU
		{6902D316-3AAB-1223-1316-FFCCCD73C441}.Debug|Any CPU.Build.0 = Debug|Any CPU
		{6902D316-3AAB-1223-1316-FFCCCD73C441}.Release|Any CPU.ActiveCfg = Release|Any CPU
		{6902D316-3AAB-1223-1316-FFCCCD73C441}.Release|Any CPU.Build.0 = Release|Any CPU
	EndGlobalSection
	GlobalSection(SolutionProperties) = preSolution
		HideSolutionNode = FALSE
	EndGlobalSection
EndGlobal
